
Microsoft Visual Studio Solution File, Format Version 12.00
# Visual Studio Version 17
VisualStudioVersion = 17.0.31919.166
MinimumVisualStudioVersion = 10.0.40219.1
Project("{FAE04EC0-301F-11D3-BF4B-00C04F79EFBC}") = "IntroToOOP", "IntroToOOP.csproj", "{6743256E-6CE6-40DD-9DD1-8B711FFD780A}"
EndProject
Global
	GlobalSection(SolutionConfigurationPlatforms) = preSolution
		Debug|Any CPU = Debug|Any CPU
		Release|Any CPU = Release|Any CPU
	EndGlobalSection
	GlobalSection(ProjectConfigurationPlatforms) = postSolution
		{6743256E-6CE6-40DD-9DD1-8B711FFD780A}.Debug|Any CPU.ActiveCfg = Debug|Any CPU
		{6743256E-6CE6-40DD-9DD1-8B711FFD780A}.Debug|Any CPU.Build.0 = Debug|Any CPU
		{6743256E-6CE6-40DD-9DD1-8B711FFD780A}.Release|Any CPU.ActiveCfg = Release|Any CPU
		{6743256E-6CE6-40DD-9DD1-8B711FFD780A}.Release|Any CPU.Build.0 = Release|Any CPU
	EndGlobalSection
	GlobalSection(SolutionProperties) = preSolution
		HideSolutionNode = FALSE
	EndGlobalSection
	GlobalSection(ExtensibilityGlobals) = postSolution
		SolutionGuid = {0B0D65A9-2D7D-45D0-A448-A74BA49DC1AE}
	EndGlobalSection
EndGlobal
