
Microsoft Visual Studio Solution File, Format Version 12.00
# Visual Studio Version 17
VisualStudioVersion = 17.0.31912.275
MinimumVisualStudioVersion = 10.0.40219.1
Project("{FAE04EC0-301F-11D3-BF4B-00C04F79EFBC}") = "3_DataTypeAndVariablesChallenge-StudentCopy", "3_DataTypeAndVariablesChallenge-StudentCopy.csproj", "{E01DF47F-9210-4904-A46C-32460C92B159}"
EndProject
Global
	GlobalSection(SolutionConfigurationPlatforms) = preSolution
		Debug|x86 = Debug|x86
		Release|x86 = Release|x86
	EndGlobalSection
	GlobalSection(ProjectConfigurationPlatforms) = postSolution
		{E01DF47F-9210-4904-A46C-32460C92B159}.Debug|x86.ActiveCfg = Debug|x86
		{E01DF47F-9210-4904-A46C-32460C92B159}.Debug|x86.Build.0 = Debug|x86
		{E01DF47F-9210-4904-A46C-32460C92B159}.Release|x86.ActiveCfg = Release|x86
		{E01DF47F-9210-4904-A46C-32460C92B159}.Release|x86.Build.0 = Release|x86
	EndGlobalSection
	GlobalSection(SolutionProperties) = preSolution
		HideSolutionNode = FALSE
	EndGlobalSection
	GlobalSection(ExtensibilityGlobals) = postSolution
		SolutionGuid = {AF35A125-3926-49AF-A229-A30E22912A5F}
	EndGlobalSection
EndGlobal
