
Microsoft Visual Studio Solution File, Format Version 12.00
# Visual Studio Version 17
VisualStudioVersion = 17.0.32014.148
MinimumVisualStudioVersion = 10.0.40219.1
Project("{9A19103F-16F7-4668-BE54-9A1E7A4F7556}") = "miniCalculator", "miniCalculator.csproj", "{CEA39C52-8FFC-4EB8-BF58-C050B183412A}"
EndProject
Project("{E53339B2-1760-4266-BCC7-CA923CBCF16C}") = "docker-compose", "docker-compose.dcproj", "{ABDE3C08-5051-42C7-AD86-38355511D29E}"
EndProject
Global
	GlobalSection(SolutionConfigurationPlatforms) = preSolution
		Debug|Any CPU = Debug|Any CPU
		Release|Any CPU = Release|Any CPU
	EndGlobalSection
	GlobalSection(ProjectConfigurationPlatforms) = postSolution
		{CEA39C52-8FFC-4EB8-BF58-C050B183412A}.Debug|Any CPU.ActiveCfg = Debug|Any CPU
		{CEA39C52-8FFC-4EB8-BF58-C050B183412A}.Debug|Any CPU.Build.0 = Debug|Any CPU
		{CEA39C52-8FFC-4EB8-BF58-C050B183412A}.Release|Any CPU.ActiveCfg = Release|Any CPU
		{CEA39C52-8FFC-4EB8-BF58-C050B183412A}.Release|Any CPU.Build.0 = Release|Any CPU
		{ABDE3C08-5051-42C7-AD86-38355511D29E}.Debug|Any CPU.ActiveCfg = Debug|Any CPU
		{ABDE3C08-5051-42C7-AD86-38355511D29E}.Debug|Any CPU.Build.0 = Debug|Any CPU
		{ABDE3C08-5051-42C7-AD86-38355511D29E}.Release|Any CPU.ActiveCfg = Release|Any CPU
		{ABDE3C08-5051-42C7-AD86-38355511D29E}.Release|Any CPU.Build.0 = Release|Any CPU
	EndGlobalSection
	GlobalSection(SolutionProperties) = preSolution
		HideSolutionNode = FALSE
	EndGlobalSection
	GlobalSection(ExtensibilityGlobals) = postSolution
		SolutionGuid = {55D92EEF-B0AF-4271-B8D8-D7614C892117}
	EndGlobalSection
EndGlobal
